PODS:
  - azure_speech_assessment (0.0.2):
    - Flutter
    - MicrosoftCognitiveServicesSpeech-iOS (~> 1.29.0)
  - Flutter (1.0.0)
  - integration_test (0.0.1):
    - Flutter
  - MicrosoftCognitiveServicesSpeech-iOS (1.29.0)
  - permission_handler_apple (9.1.1):
    - Flutter

DEPENDENCIES:
  - azure_speech_assessment (from `.symlinks/plugins/azure_speech_assessment/ios`)
  - Flutter (from `Flutter`)
  - integration_test (from `.symlinks/plugins/integration_test/ios`)
  - permission_handler_apple (from `.symlinks/plugins/permission_handler_apple/ios`)

SPEC REPOS:
  trunk:
    - MicrosoftCognitiveServicesSpeech-iOS

EXTERNAL SOURCES:
  azure_speech_assessment:
    :path: ".symlinks/plugins/azure_speech_assessment/ios"
  Flutter:
    :path: Flutter
  integration_test:
    :path: ".symlinks/plugins/integration_test/ios"
  permission_handler_apple:
    :path: ".symlinks/plugins/permission_handler_apple/ios"

SPEC CHECKSUMS:
  azure_speech_assessment: d1025acb1fccbbede0b91089c66fba396604e7a5
  Flutter: f04841e97a9d0b0a8025694d0796dd46242b2854
  integration_test: 13825b8a9334a850581300559b8839134b124670
  MicrosoftCognitiveServicesSpeech-iOS: 0de20a8ebb6bbd87decaeaa9a707dd40830106a6
  permission_handler_apple: e76247795d700c14ea09e3a2d8855d41ee80a2e6

PODFILE CHECKSUM: 70d9d25280d0dd177a5f637cdb0f0b0b12c6a189

COCOAPODS: 1.12.1
